// !$*UTF8*$!
{
	archiveVersion = 1;
	classes = {
	};
	objectVersion = 50;
	objects = {

/* Begin PBXBuildFile section */
		C57ED824228D81EC000594C9 /* Main.storyboard in Resources */ = {isa = PBXBuildFile; fileRef = C57ED822228D81EC000594C9 /* Main.storyboard */; };
		C57ED826228D81ED000594C9 /* Assets.xcassets in Resources */ = {isa = PBXBuildFile; fileRef = C57ED825228D81ED000594C9 /* Assets.xcassets */; };
		C57ED829228D81ED000594C9 /* LaunchScreen.storyboard in Resources */ = {isa = PBXBuildFile; fileRef = C57ED827228D81ED000594C9 /* LaunchScreen.storyboard */; };
		C57ED82C228D81ED000594C9 /* main.m in Sources */ = {isa = PBXBuildFile; fileRef = C57ED82B228D81ED000594C9 /* main.m */; };
		C57ED836228D826E000594C9 /* NullDataView.m in Sources */ = {isa = PBXBuildFile; fileRef = C57ED834228D826E000594C9 /* NullDataView.m */; };
		C57ED837228D826E000594C9 /* ViewController.m in Sources */ = {isa = PBXBuildFile; fileRef = C57ED835228D826E000594C9 /* ViewController.m */; };
		C57ED83A228D82C3000594C9 /* AppDelegate.m in Sources */ = {isa = PBXBuildFile; fileRef = C57ED838228D82C3000594C9 /* AppDelegate.m */; };
/* End PBXBuildFile section */

/* Begin PBXFileReference section */
		C57ED819228D81EC000594C9 /* WKWebViewNetworkLoading.app */ = {isa = PBXFileReference; explicitFileType = wrapper.application; includeInIndex = 0; path = WKWebViewNetworkLoading.app; sourceTree = BUILT_PRODUCTS_DIR; };
		C57ED823228D81EC000594C9 /* Base */ = {isa = PBXFileReference; lastKnownFileType = file.storyboard; name = Base; path = Base.lproj/Main.storyboard; sourceTree = "<group>"; };
		C57ED825228D81ED000594C9 /* Assets.xcassets */ = {isa = PBXFileReference; lastKnownFileType = folder.assetcatalog; path = Assets.xcassets; sourceTree = "<group>"; };
		C57ED828228D81ED000594C9 /* Base */ = {isa = PBXFileReference; lastKnownFileType = file.storyboard; name = Base; path = Base.lproj/LaunchScreen.storyboard; sourceTree = "<group>"; };
		C57ED82A228D81ED000594C9 /* Info.plist */ = {isa = PBXFileReference; lastKnownFileType = text.plist.xml; path = Info.plist; sourceTree = "<group>"; };
		C57ED82B228D81ED000594C9 /* main.m */ = {isa = PBXFileReference; lastKnownFileType = sourcecode.c.objc; path = main.m; sourceTree = "<group>"; };
		C57ED832228D826E000594C9 /* ViewController.h */ = {isa = PBXFileReference; fileEncoding = 4; lastKnownFileType = sourcecode.c.h; path = ViewController.h; sourceTree = "<group>"; };
		C57ED833228D826E000594C9 /* NullDataView.h */ = {isa = PBXFileReference; fileEncoding = 4; lastKnownFileType = sourcecode.c.h; path = NullDataView.h; sourceTree = "<group>"; };
		C57ED834228D826E000594C9 /* NullDataView.m */ = {isa = PBXFileReference; fileEncoding = 4; lastKnownFileType = sourcecode.c.objc; path = NullDataView.m; sourceTree = "<group>"; };
		C57ED835228D826E000594C9 /* ViewController.m */ = {isa = PBXFileReference; fileEncoding = 4; lastKnownFileType = sourcecode.c.objc; path = ViewController.m; sourceTree = "<group>"; };
		C57ED838228D82C3000594C9 /* AppDelegate.m */ = {isa = PBXFileReference; fileEncoding = 4; lastKnownFileType = sourcecode.c.objc; path = AppDelegate.m; sourceTree = "<group>"; };
		C57ED839228D82C3000594C9 /* AppDelegate.h */ = {isa = PBXFileReference; fileEncoding = 4; lastKnownFileType = sourcecode.c.h; path = AppDelegate.h; sourceTree = "<group>"; };
/* End PBXFileReference section */

/* Begin PBXFrameworksBuildPhase section */
		C57ED816228D81EC000594C9 /* Frameworks */ = {
			isa = PBXFrameworksBuildPhase;
			buildActionMask = 2147483647;
			files = (
			);
			runOnlyForDeploymentPostprocessing = 0;
		};
/* End PBXFrameworksBuildPhase section */

/* Begin PBXGroup section */
		C57ED810228D81EC000594C9 = {
			isa = PBXGroup;
			children = (
				C57ED81B228D81EC000594C9 /* WKWebViewNetworkLoading */,
				C57ED81A228D81EC000594C9 /* Products */,
			);
			sourceTree = "<group>";
		};
		C57ED81A228D81EC000594C9 /* Products */ = {
			isa = PBXGroup;
			children = (
				C57ED819228D81EC000594C9 /* WKWebViewNetworkLoading.app */,
			);
			name = Products;
			sourceTree = "<group>";
		};
		C57ED81B228D81EC000594C9 /* WKWebViewNetworkLoading */ = {
			isa = PBXGroup;
			children = (
				C57ED839228D82C3000594C9 /* AppDelegate.h */,
				C57ED838228D82C3000594C9 /* AppDelegate.m */,
				C57ED833228D826E000594C9 /* NullDataView.h */,
				C57ED834228D826E000594C9 /* NullDataView.m */,
				C57ED832228D826E000594C9 /* ViewController.h */,
				C57ED835228D826E000594C9 /* ViewController.m */,
				C57ED822228D81EC000594C9 /* Main.storyboard */,
				C57ED825228D81ED000594C9 /* Assets.xcassets */,
				C57ED827228D81ED000594C9 /* LaunchScreen.storyboard */,
				C57ED82A228D81ED000594C9 /* Info.plist */,
				C57ED82B228D81ED000594C9 /* main.m */,
			);
			path = WKWebViewNetworkLoading;
			sourceTree = "<group>";
		};
/* End PBXGroup section */

/* Begin PBXNativeTarget section */
		C57ED818228D81EC000594C9 /* WKWebViewNetworkLoading */ = {
			isa = PBXNativeTarget;
			buildConfigurationList = C57ED82F228D81ED000594C9 /* Build configuration list for PBXNativeTarget "WKWebViewNetworkLoading" */;
			buildPhases = (
				C57ED815228D81EC000594C9 /* Sources */,
				C57ED816228D81EC000594C9 /* Frameworks */,
				C57ED817228D81EC000594C9 /* Resources */,
			);
			buildRules = (
			);
			dependencies = (
			);
			name = WKWebViewNetworkLoading;
			productName = WKWebViewNetworkLoading;
			productReference = C57ED819228D81EC000594C9 /* WKWebViewNetworkLoading.app */;
			productType = "com.apple.product-type.application";
		};
/* End PBXNativeTarget section */

/* Begin PBXProject section */
		C57ED811228D81EC000594C9 /* Project object */ = {
			isa = PBXProject;
			attributes = {
				LastUpgradeCheck = 1020;
				ORGANIZATIONNAME = "Fat brther";
				TargetAttributes = {
					C57ED818228D81EC000594C9 = {
						CreatedOnToolsVersion = 10.2.1;
					};
				};
			};
			buildConfigurationList = C57ED814228D81EC000594C9 /* Build configuration list for PBXProject "WKWebViewNetworkLoading" */;
			compatibilityVersion = "Xcode 9.3";
			developmentRegion = en;
			hasScannedForEncodings = 0;
			knownRegions = (
				en,
				Base,
			);
			mainGroup = C57ED810228D81EC000594C9;
			productRefGroup = C57ED81A228D81EC000594C9 /* Products */;
			projectDirPath = "";
			projectRoot = "";
			targets = (
				C57ED818228D81EC000594C9 /* WKWebViewNetworkLoading */,
			);
		};
/* End PBXProject section */

/* Begin PBXResourcesBuildPhase section */
		C57ED817228D81EC000594C9 /* Resources */ = {
			isa = PBXResourcesBuildPhase;
			buildActionMask = 2147483647;
			files = (
				C57ED829228D81ED000594C9 /* LaunchScreen.storyboard in Resources */,
				C57ED826228D81ED000594C9 /* Assets.xcassets in Resources */,
				C57ED824228D81EC000594C9 /* Main.storyboard in Resources */,
			);
			runOnlyForDeploymentPostprocessing = 0;
		};
/* End PBXResourcesBuildPhase section */

/* Begin PBXSourcesBuildPhase section */
		C57ED815228D81EC000594C9 /* Sources */ = {
			isa = PBXSourcesBuildPhase;
			buildActionMask = 2147483647;
			files = (
				C57ED83A228D82C3000594C9 /* AppDelegate.m in Sources */,
				C57ED837228D826E000594C9 /* ViewController.m in Sources */,
				C57ED82C228D81ED000594C9 /* main.m in Sources */,
				C57ED836228D826E000594C9 /* NullDataView.m in Sources */,
			);
			runOnlyForDeploymentPostprocessing = 0;
		};
/* End PBXSourcesBuildPhase section */

/* Begin PBXVariantGroup section */
		C57ED822228D81EC000594C9 /* Main.storyboard */ = {
			isa = PBXVariantGroup;
			children = (
				C57ED823228D81EC000594C9 /* Base */,
			);
			name = Main.storyboard;
			sourceTree = "<group>";
		};
		C57ED827228D81ED000594C9 /* LaunchScreen.storyboard */ = {
			isa = PBXVariantGroup;
			children = (
				C57ED828228D81ED000594C9 /* Base */,
			);
			name = LaunchScreen.storyboard;
			sourceTree = "<group>";
		};
/* End PBXVariantGroup section */

/* Begin XCBuildConfiguration section */
		C57ED82D228D81ED000594C9 /* Debug */ = {
			isa = XCBuildConfiguration;
			buildSettings = {
				ALWAYS_SEARCH_USER_PATHS = NO;
				CLANG_ANALYZER_NONNULL = YES;
				CLANG_ANALYZER_NUMBER_OBJECT_CONVERSION = YES_AGGRESSIVE;
				CLANG_CXX_LANGUAGE_STANDARD = "gnu++14";
				CLANG_CXX_LIBRARY = "libc++";
				CLANG_ENABLE_MODULES = YES;
				CLANG_ENABLE_OBJC_ARC = YES;
				CLANG_ENABLE_OBJC_WEAK = YES;
				CLANG_WARN_BLOCK_CAPTURE_AUTORELEASING = YES;
				CLANG_WARN_BOOL_CONVERSION = YES;
				CLANG_WARN_COMMA = YES;
				CLANG_WARN_CONSTANT_CONVERSION = YES;
				CLANG_WARN_DEPRECATED_OBJC_IMPLEMENTATIONS = YES;
				CLANG_WARN_DIRECT_OBJC_ISA_USAGE = YES_ERROR;
				CLANG_WARN_DOCUMENTATION_COMMENTS = YES;
				CLANG_WARN_EMPTY_BODY = YES;
				CLANG_WARN_ENUM_CONVERSION = YES;
				CLANG_WARN_INFINITE_RECURSION = YES;
				CLANG_WARN_INT_CONVERSION = YES;
				CLANG_WARN_NON_LITERAL_NULL_CONVERSION = YES;
				CLANG_WARN_OBJC_IMPLICIT_RETAIN_SELF = YES;
				CLANG_WARN_OBJC_LITERAL_CONVERSION = YES;
				CLANG_WARN_OBJC_ROOT_CLASS = YES_ERROR;
				CLANG_WARN_RANGE_LOOP_ANALYSIS = YES;
				CLANG_WARN_STRICT_PROTOTYPES = YES;
				CLANG_WARN_SUSPICIOUS_MOVE = YES;
				CLANG_WARN_UNGUARDED_AVAILABILITY = YES_AGGRESSIVE;
				CLANG_WARN_UNREACHABLE_CODE = YES;
				CLANG_WARN__DUPLICATE_METHOD_MATCH = YES;
				CODE_SIGN_IDENTITY = "iPhone Developer";
				COPY_PHASE_STRIP = NO;
				DEBUG_INFORMATION_FORMAT = dwarf;
				ENABLE_STRICT_OBJC_MSGSEND = YES;
				ENABLE_TESTABILITY = YES;
				GCC_C_LANGUAGE_STANDARD = gnu11;
				GCC_DYNAMIC_NO_PIC = NO;
				GCC_NO_COMMON_BLOCKS = YES;
				GCC_OPTIMIZATION_LEVEL = 0;
				GCC_PREPROCESSOR_DEFINITIONS = (
					"DEBUG=1",
					"$(inherited)",
				);
				GCC_WARN_64_TO_32_BIT_CONVERSION = YES;
				GCC_WARN_ABOUT_RETURN_TYPE = YES_ERROR;
				GCC_WARN_UNDECLARED_SELECTOR = YES;
				GCC_WARN_UNINITIALIZED_AUTOS = YES_AGGRESSIVE;
				GCC_WARN_UNUSED_FUNCTION = YES;
				GCC_WARN_UNUSED_VARIABLE = YES;
				IPHONEOS_DEPLOYMENT_TARGET = 12.2;
				MTL_ENABLE_DEBUG_INFO = INCLUDE_SOURCE;
				MTL_FAST_MATH = YES;
				ONLY_ACTIVE_ARCH = YES;
				SDKROOT = iphoneos;
			};
			name = Debug;
		};
		C57ED82E228D81ED000594C9 /* Release */ = {
			isa = XCBuildConfiguration;
			buildSettings = {
				ALWAYS_SEARCH_USER_PATHS = NO;
				CLANG_ANALYZER_NONNULL = YES;
				CLANG_ANALYZER_NUMBER_OBJECT_CONVERSION = YES_AGGRESSIVE;
				CLANG_CXX_LANGUAGE_STANDARD = "gnu++14";
				CLANG_CXX_LIBRARY = "libc++";
				CLANG_ENABLE_MODULES = YES;
				CLANG_ENABLE_OBJC_ARC = YES;
				CLANG_ENABLE_OBJC_WEAK = YES;
				CLANG_WARN_BLOCK_CAPTURE_AUTORELEASING = YES;
				CLANG_WARN_BOOL_CONVERSION = YES;
				CLANG_WARN_COMMA = YES;
				CLANG_WARN_CONSTANT_CONVERSION = YES;
				CLANG_WARN_DEPRECATED_OBJC_IMPLEMENTATIONS = YES;
				CLANG_WARN_DIRECT_OBJC_ISA_USAGE = YES_ERROR;
				CLANG_WARN_DOCUMENTATION_COMMENTS = YES;
				CLANG_WARN_EMPTY_BODY = YES;
				CLANG_WARN_ENUM_CONVERSION = YES;
				CLANG_WARN_INFINITE_RECURSION = YES;
				CLANG_WARN_INT_CONVERSION = YES;
				CLANG_WARN_NON_LITERAL_NULL_CONVERSION = YES;
				CLANG_WARN_OBJC_IMPLICIT_RETAIN_SELF = YES;
				CLANG_WARN_OBJC_LITERAL_CONVERSION = YES;
				CLANG_WARN_OBJC_ROOT_CLASS = YES_ERROR;
				CLANG_WARN_RANGE_LOOP_ANALYSIS = YES;
				CLANG_WARN_STRICT_PROTOTYPES = YES;
				CLANG_WARN_SUSPICIOUS_MOVE = YES;
				CLANG_WARN_UNGUARDED_AVAILABILITY = YES_AGGRESSIVE;
				CLANG_WARN_UNREACHABLE_CODE = YES;
				CLANG_WARN__DUPLICATE_METHOD_MATCH = YES;
				CODE_SIGN_IDENTITY = "iPhone Developer";
				COPY_PHASE_STRIP = NO;
				DEBUG_INFORMATION_FORMAT = "dwarf-with-dsym";
				ENABLE_NS_ASSERTIONS = NO;
				ENABLE_STRICT_OBJC_MSGSEND = YES;
				GCC_C_LANGUAGE_STANDARD = gnu11;
				GCC_NO_COMMON_BLOCKS = YES;
				GCC_WARN_64_TO_32_BIT_CONVERSION = YES;
				GCC_WARN_ABOUT_RETURN_TYPE = YES_ERROR;
				GCC_WARN_UNDECLARED_SELECTOR = YES;
				GCC_WARN_UNINITIALIZED_AUTOS = YES_AGGRESSIVE;
				GCC_WARN_UNUSED_FUNCTION = YES;
				GCC_WARN_UNUSED_VARIABLE = YES;
				IPHONEOS_DEPLOYMENT_TARGET = 12.2;
				MTL_ENABLE_DEBUG_INFO = NO;
				MTL_FAST_MATH = YES;
				SDKROOT = iphoneos;
				VALIDATE_PRODUCT = YES;
			};
			name = Release;
		};
		C57ED830228D81ED000594C9 /* Debug */ = {
			isa = XCBuildConfiguration;
			buildSettings = {
				ASSETCATALOG_COMPILER_APPICON_NAME = AppIcon;
				CODE_SIGN_STYLE = Automatic;
				INFOPLIST_FILE = WKWebViewNetworkLoading/Info.plist;
				LD_RUNPATH_SEARCH_PATHS = (
					"$(inherited)",
					"@executable_path/Frameworks",
				);
				PRODUCT_BUNDLE_IDENTIFIER = com.baidu.www;
				PRODUCT_NAME = "$(TARGET_NAME)";
				TARGETED_DEVICE_FAMILY = "1,2";
			};
			name = Debug;
		};
		C57ED831228D81ED000594C9 /* Release */ = {
			isa = XCBuildConfiguration;
			buildSettings = {
				ASSETCATALOG_COMPILER_APPICON_NAME = AppIcon;
				CODE_SIGN_STYLE = Automatic;
				INFOPLIST_FILE = WKWebViewNetworkLoading/Info.plist;
				LD_RUNPATH_SEARCH_PATHS = (
					"$(inherited)",
					"@executable_path/Frameworks",
				);
				PRODUCT_BUNDLE_IDENTIFIER = com.baidu.www;
				PRODUCT_NAME = "$(TARGET_NAME)";
				TARGETED_DEVICE_FAMILY = "1,2";
			};
			name = Release;
		};
/* End XCBuildConfiguration section */

/* Begin XCConfigurationList section */
		C57ED814228D81EC000594C9 /* Build configuration list for PBXProject "WKWebViewNetworkLoading" */ = {
			isa = XCConfigurationList;
			buildConfigurations = (
				C57ED82D228D81ED000594C9 /* Debug */,
				C57ED82E228D81ED000594C9 /* Release */,
			);
			defaultConfigurationIsVisible = 0;
			defaultConfigurationName = Release;
		};
		C57ED82F228D81ED000594C9 /* Build configuration list for PBXNativeTarget "WKWebViewNetworkLoading" */ = {
			isa = XCConfigurationList;
			buildConfigurations = (
				C57ED830228D81ED000594C9 /* Debug */,
				C57ED831228D81ED000594C9 /* Release */,
			);
			defaultConfigurationIsVisible = 0;
			defaultConfigurationName = Release;
		};
/* End XCConfigurationList section */
	};
	rootObject = C57ED811228D81EC000594C9 /* Project object */;
}
